# THIS IS AN AUTOGENERATED FILE. DO NOT EDIT THIS FILE DIRECTLY.
# yarn lockfile v1


"@types/accepts@*":
  version "1.3.5"
  resolved "http://registry.npm.taobao.org/@types/accepts/download/@types/accepts-1.3.5.tgz#c34bec115cfc746e04fe5a059df4ce7e7b391575"
  dependencies:
    "@types/node" "*"

"@types/body-parser@*":
  version "1.16.8"
  resolved "http://registry.npm.taobao.org/@types/body-parser/download/@types/body-parser-1.16.8.tgz#687ec34140624a3bec2b1a8ea9268478ae8f3be3"
  dependencies:
    "@types/express" "*"
    "@types/node" "*"

"@types/bson@*":
  version "1.0.8"
  resolved "http://registry.npm.taobao.org/@types/bson/download/@types/bson-1.0.8.tgz#6ad272b3f049e9598ec33aed09cf56d8946b75f1"
  dependencies:
    "@types/node" "*"

"@types/connect@*":
  version "3.4.32"
  resolved "http://registry.npm.taobao.org/@types/connect/download/@types/connect-3.4.32.tgz#aa0e9616b9435ccad02bc52b5b454ffc2c70ba28"
  dependencies:
    "@types/node" "*"

"@types/cookies@*":
  version "0.7.1"
  resolved "http://registry.npm.taobao.org/@types/cookies/download/@types/cookies-0.7.1.tgz#f9f204bd6767d389eea3b87609e30c090c77a540"
  dependencies:
    "@types/connect" "*"
    "@types/express" "*"
    "@types/keygrip" "*"
    "@types/node" "*"

"@types/events@*":
  version "1.2.0"
  resolved "http://registry.npm.taobao.org/@types/events/download/@types/events-1.2.0.tgz#81a6731ce4df43619e5c8c945383b3e62a89ea86"

"@types/express-serve-static-core@*":
  version "4.11.1"
  resolved "http://registry.npm.taobao.org/@types/express-serve-static-core/download/@types/express-serve-static-core-4.11.1.tgz#f6f7212382d59b19d696677bcaa48a37280f5d45"
  dependencies:
    "@types/events" "*"
    "@types/node" "*"

"@types/express@*":
  version "4.11.1"
  resolved "http://registry.npm.taobao.org/@types/express/download/@types/express-4.11.1.tgz#f99663b3ab32d04cb11db612ef5dd7933f75465b"
  dependencies:
    "@types/body-parser" "*"
    "@types/express-serve-static-core" "*"
    "@types/serve-static" "*"

"@types/graphql@0.12.6":
  version "0.12.6"
  resolved "http://registry.npm.taobao.org/@types/graphql/download/@types/graphql-0.12.6.tgz#3d619198585fcabe5f4e1adfb5cf5f3388c66c13"

"@types/graphql@^0.13.0":
  version "0.13.0"
  resolved "http://registry.npm.taobao.org/@types/graphql/download/@types/graphql-0.13.0.tgz#78a33a7f429a06a64714817d9130d578e0f35ecb"

"@types/http-assert@*":
  version "1.2.2"
  resolved "http://registry.npm.taobao.org/@types/http-assert/download/@types/http-assert-1.2.2.tgz#17dfe5a82184a8898935d96fe2eaedd37d22d9a4"

"@types/jasmine@^2.8.6":
  version "2.8.6"
  resolved "http://registry.npm.taobao.org/@types/jasmine/download/@types/jasmine-2.8.6.tgz#14445b6a1613cf4e05dd61c3c3256d0e95c0421e"

"@types/keygrip@*":
  version "1.0.1"
  resolved "http://registry.npm.taobao.org/@types/keygrip/download/@types/keygrip-1.0.1.tgz#ff540462d2fb4d0a88441ceaf27d287b01c3d878"

"@types/koa-bodyparser@^4.2.0":
  version "4.2.0"
  resolved "http://registry.npm.taobao.org/@types/koa-bodyparser/download/@types/koa-bodyparser-4.2.0.tgz#04febc567f3d3dd40e3d1a0e095cdf7b07c4d7ce"
  dependencies:
    "@types/koa" "*"

"@types/koa-compose@*":
  version "3.2.2"
  resolved "http://registry.npm.taobao.org/@types/koa-compose/download/@types/koa-compose-3.2.2.tgz#dc106e000bbf92a3ac900f756df47344887ee847"

"@types/koa-router@^7.0.27":
  version "7.0.27"
  resolved "http://registry.npm.taobao.org/@types/koa-router/download/@types/koa-router-7.0.27.tgz#4993d50cb9efdfcfb11f16c726a4b34f8fb3e0d4"
  dependencies:
    "@types/koa" "*"

"@types/koa-send@*":
  version "4.1.1"
  resolved "http://registry.npm.taobao.org/@types/koa-send/download/@types/koa-send-4.1.1.tgz#88f57cbe0343c8204903f9096d8ff6b98ec3296f"
  dependencies:
    "@types/koa" "*"

"@types/koa-static@^4.0.0":
  version "4.0.0"
  resolved "http://registry.npm.taobao.org/@types/koa-static/download/@types/koa-static-4.0.0.tgz#4cddce6adf45221bacfb2842b3621dc92f4d642c"
  dependencies:
    "@types/koa" "*"
    "@types/koa-send" "*"

"@types/koa@*", "@types/koa@^2.0.45":
  version "2.0.45"
  resolved "http://registry.npm.taobao.org/@types/koa/download/@types/koa-2.0.45.tgz#133cbda6cc8d12b73434b5d9663898c833f80aa2"
  dependencies:
    "@types/accepts" "*"
    "@types/cookies" "*"
    "@types/events" "*"
    "@types/http-assert" "*"
    "@types/keygrip" "*"
    "@types/koa-compose" "*"
    "@types/node" "*"

"@types/lodash@^4.14.107":
  version "4.14.107"
  resolved "http://registry.npm.taobao.org/@types/lodash/download/@types/lodash-4.14.107.tgz#b2d2ae3958bfb8ff828495cbe12214af9e4d035e"

"@types/mime@*":
  version "2.0.0"
  resolved "http://registry.npm.taobao.org/@types/mime/download/@types/mime-2.0.0.tgz#5a7306e367c539b9f6543499de8dd519fac37a8b"

"@types/mongodb@^3.0.15":
  version "3.0.15"
  resolved "http://registry.npm.taobao.org/@types/mongodb/download/@types/mongodb-3.0.15.tgz#b9ae8d6dd4d24f6cc83aec23b224d03d58ae131c"
  dependencies:
    "@types/bson" "*"
    "@types/events" "*"
    "@types/node" "*"

"@types/node@*":
  version "9.6.6"
  resolved "http://registry.npm.taobao.org/@types/node/download/@types/node-9.6.6.tgz#439b91f9caf3983cad2eef1e11f6bedcbf9431d2"

"@types/prop-types@^15.5.2":
  version "15.5.2"
  resolved "http://registry.npm.taobao.org/@types/prop-types/download/@types/prop-types-15.5.2.tgz#3c6b8dceb2906cc87fe4358e809f9d20c8d59be1"

"@types/serve-static@*":
  version "1.13.1"
  resolved "http://registry.npm.taobao.org/@types/serve-static/download/@types/serve-static-1.13.1.tgz#1d2801fa635d274cd97d4ec07e26b21b44127492"
  dependencies:
    "@types/express-serve-static-core" "*"
    "@types/mime" "*"

"@types/tapable@*":
  version "1.0.2"
  resolved "http://registry.npm.taobao.org/@types/tapable/download/@types/tapable-1.0.2.tgz#e13182e1b69871a422d7863e11a4a6f5b814a4bd"

"@types/uglify-js@*":
  version "3.0.2"
  resolved "http://registry.npm.taobao.org/@types/uglify-js/download/@types/uglify-js-3.0.2.tgz#f30c75458d18e8ee885c792c04adcb78a13bc286"
  dependencies:
    source-map "^0.6.1"

"@types/webpack@^4.1.3":
  version "4.1.3"
  resolved "http://registry.npm.taobao.org/@types/webpack/download/@types/webpack-4.1.3.tgz#1cbb3fceb275590b63addf7cfb1534fda7e645a1"
  dependencies:
    "@types/node" "*"
    "@types/tapable" "*"
    "@types/uglify-js" "*"
    source-map "^0.6.0"

accepts@^1.2.2:
  version "1.3.5"
  resolved "http://registry.npm.taobao.org/accepts/download/accepts-1.3.5.tgz#eb777df6011723a3b14e8a72c0805c8e86746bd2"
  dependencies:
    mime-types "~2.1.18"
    negotiator "0.6.1"

ansi-html@0.0.7:
  version "0.0.7"
  resolved "http://registry.npm.taobao.org/ansi-html/download/ansi-html-0.0.7.tgz#813584021962a9e9e6fd039f940d12f56ca7859e"

ansi-regex@^2.0.0:
  version "2.1.1"
  resolved "http://registry.npm.taobao.org/ansi-regex/download/ansi-regex-2.1.1.tgz#c3b33ab5ee360d86e0e628f0468ae7ef27d654df"

any-promise@^1.0.0, any-promise@^1.1.0:
  version "1.3.0"
  resolved "http://registry.npm.taobao.org/any-promise/download/any-promise-1.3.0.tgz#abc6afeedcea52e809cdc0376aed3ce39635d17f"

apollo-cache-control@^0.1.0:
  version "0.1.1"
  resolved "http://registry.npm.taobao.org/apollo-cache-control/download/apollo-cache-control-0.1.1.tgz#173d14ceb3eb9e7cb53de7eb8b61bee6159d4171"
  dependencies:
    graphql-extensions "^0.0.x"

apollo-link@^1.2.1:
  version "1.2.2"
  resolved "http://registry.npm.taobao.org/apollo-link/download/apollo-link-1.2.2.tgz#54c84199b18ac1af8d63553a68ca389c05217a03"
  dependencies:
    "@types/graphql" "0.12.6"
    apollo-utilities "^1.0.0"
    zen-observable-ts "^0.8.9"

apollo-server-core@^1.3.5:
  version "1.3.5"
  resolved "http://registry.npm.taobao.org/apollo-server-core/download/apollo-server-core-1.3.5.tgz#36da3a6ee52b92fc4bb5710d44ced6b8fafebe2d"
  dependencies:
    apollo-cache-control "^0.1.0"
    apollo-tracing "^0.1.0"
    graphql-extensions "^0.0.x"

apollo-server-koa@^1.3.5:
  version "1.3.5"
  resolved "http://registry.npm.taobao.org/apollo-server-koa/download/apollo-server-koa-1.3.5.tgz#5d0b5bf7c3253c659481a1f2e5a3587a2f1ebd18"
  dependencies:
    apollo-server-core "^1.3.5"
    apollo-server-module-graphiql "^1.3.4"

apollo-server-module-graphiql@^1.3.4:
  version "1.3.4"
  resolved "http://registry.npm.taobao.org/apollo-server-module-graphiql/download/apollo-server-module-graphiql-1.3.4.tgz#50399b7c51b7267d0c841529f5173e5fc7304de4"

apollo-tracing@^0.1.0:
  version "0.1.4"
  resolved "http://registry.npm.taobao.org/apollo-tracing/download/apollo-tracing-0.1.4.tgz#5b8ae1b01526b160ee6e552a7f131923a9aedcc7"
  dependencies:
    graphql-extensions "~0.0.9"

apollo-utilities@^1.0.0, apollo-utilities@^1.0.1:
  version "1.0.11"
  resolved "http://registry.npm.taobao.org/apollo-utilities/download/apollo-utilities-1.0.11.tgz#cd36bfa6e5c04eea2caf0c204a0f38a0ad550802"

bson@~1.0.4:
  version "1.0.6"
  resolved "http://registry.npm.taobao.org/bson/download/bson-1.0.6.tgz#444db59ddd4c24f0cb063aabdc5c8c7b0ceca912"

bytes@3.0.0:
  version "3.0.0"
  resolved "http://registry.npm.taobao.org/bytes/download/bytes-3.0.0.tgz#d32815404d689699f85a4ea4fa8755dd13a96048"

co-body@^5.1.0:
  version "5.1.1"
  resolved "http://registry.npm.taobao.org/co-body/download/co-body-5.1.1.tgz#d97781d1e3344ba4a820fd1806bddf8341505236"
  dependencies:
    inflation "^2.0.0"
    qs "^6.4.0"
    raw-body "^2.2.0"
    type-is "^1.6.14"

co@^4.6.0:
  version "4.6.0"
  resolved "http://registry.npm.taobao.org/co/download/co-4.6.0.tgz#6ea6bdf3d853ae54ccb8e47bfa0bf3f9031fb184"

content-disposition@~0.5.0:
  version "0.5.2"
  resolved "http://registry.npm.taobao.org/content-disposition/download/content-disposition-0.5.2.tgz#0cf68bb9ddf5f2be7961c3a85178cb85dba78cb4"

content-type@^1.0.0:
  version "1.0.4"
  resolved "http://registry.npm.taobao.org/content-type/download/content-type-1.0.4.tgz#e138cc75e040c727b1966fe5e5f8c9aee256fe3b"

cookies@~0.7.0:
  version "0.7.1"
  resolved "http://registry.npm.taobao.org/cookies/download/cookies-0.7.1.tgz#7c8a615f5481c61ab9f16c833731bcb8f663b99b"
  dependencies:
    depd "~1.1.1"
    keygrip "~1.0.2"

copy-to@^2.0.1:
  version "2.0.1"
  resolved "http://registry.npm.taobao.org/copy-to/download/copy-to-2.0.1.tgz#2680fbb8068a48d08656b6098092bdafc906f4a5"

core-js@^2.5.3:
  version "2.5.5"
  resolved "http://registry.npm.taobao.org/core-js/download/core-js-2.5.5.tgz#b14dde936c640c0579a6b50cabcc132dd6127e3b"

core-util-is@~1.0.0:
  version "1.0.2"
  resolved "http://registry.npm.taobao.org/core-util-is/download/core-util-is-1.0.2.tgz#b5fd54220aa2bc5ab57aab7140c940754503c1a7"

debug@*, debug@^3.1.0:
  version "3.1.0"
  resolved "http://registry.npm.taobao.org/debug/download/debug-3.1.0.tgz#5bb5a0672628b64149566ba16819e61518c67261"
  dependencies:
    ms "2.0.0"

debug@^2.6.3, debug@^2.6.8:
  version "2.6.9"
  resolved "http://registry.npm.taobao.org/debug/download/debug-2.6.9.tgz#5d128515df134ff327e90a4c93f4e077a536341f"
  dependencies:
    ms "2.0.0"

deep-equal@~1.0.1:
  version "1.0.1"
  resolved "http://registry.npm.taobao.org/deep-equal/download/deep-equal-1.0.1.tgz#f5d260292b660e084eff4cdbc9f08ad3247448b5"

delegates@^1.0.0:
  version "1.0.0"
  resolved "http://registry.npm.taobao.org/delegates/download/delegates-1.0.0.tgz#84c6e159b81904fdca59a0ef44cd870d31250f9a"

depd@1.1.1:
  version "1.1.1"
  resolved "http://registry.npm.taobao.org/depd/download/depd-1.1.1.tgz#5783b4e1c459f06fa5ca27f991f3d06e7a310359"

depd@^1.1.0, depd@~1.1.1, depd@~1.1.2:
  version "1.1.2"
  resolved "http://registry.npm.taobao.org/depd/download/depd-1.1.2.tgz#9bcd52e14c097763e749b274c4346ed2e560b5a9"

deprecated-decorator@^0.1.6:
  version "0.1.6"
  resolved "http://registry.npm.taobao.org/deprecated-decorator/download/deprecated-decorator-0.1.6.tgz#00966317b7a12fe92f3cc831f7583af329b86c37"

destroy@^1.0.3:
  version "1.0.4"
  resolved "http://registry.npm.taobao.org/destroy/download/destroy-1.0.4.tgz#978857442c44749e4206613e37946205826abd80"

ee-first@1.1.1:
  version "1.1.1"
  resolved "http://registry.npm.taobao.org/ee-first/download/ee-first-1.1.1.tgz#590c61156b0ae2f4f0255732a158b266bc56b21d"

errno@^0.1.3:
  version "0.1.7"
  resolved "http://registry.npm.taobao.org/errno/download/errno-0.1.7.tgz#4684d71779ad39af177e3f007996f7c67c852618"
  dependencies:
    prr "~1.0.1"

error-inject@~1.0.0:
  version "1.0.0"
  resolved "http://registry.npm.taobao.org/error-inject/download/error-inject-1.0.0.tgz#e2b3d91b54aed672f309d950d154850fa11d4f37"

escape-html@~1.0.1:
  version "1.0.3"
  resolved "http://registry.npm.taobao.org/escape-html/download/escape-html-1.0.3.tgz#0258eae4d3d0c0974de1c169188ef0051d1d1988"

fresh@^0.5.2:
  version "0.5.2"
  resolved "http://registry.npm.taobao.org/fresh/download/fresh-0.5.2.tgz#3d8cadd90d976569fa835ab1f8e4b23a105605a7"

graphql-extensions@^0.0.x, graphql-extensions@~0.0.9:
  version "0.0.10"
  resolved "http://registry.npm.taobao.org/graphql-extensions/download/graphql-extensions-0.0.10.tgz#34bdb2546d43f6a5bc89ab23c295ec0466c6843d"
  dependencies:
    core-js "^2.5.3"
    source-map-support "^0.5.1"

graphql-tools@^2.24.0:
  version "2.24.0"
  resolved "http://registry.npm.taobao.org/graphql-tools/download/graphql-tools-2.24.0.tgz#bbacaad03924012a0edb8735a5e65df5d5563675"
  dependencies:
    apollo-link "^1.2.1"
    apollo-utilities "^1.0.1"
    deprecated-decorator "^0.1.6"
    iterall "^1.1.3"
    uuid "^3.1.0"

graphql@^0.13.2:
  version "0.13.2"
  resolved "http://registry.npm.taobao.org/graphql/download/graphql-0.13.2.tgz#4c740ae3c222823e7004096f832e7b93b2108270"
  dependencies:
    iterall "^1.2.1"

html-entities@^1.2.0:
  version "1.2.1"
  resolved "http://registry.npm.taobao.org/html-entities/download/html-entities-1.2.1.tgz#0df29351f0721163515dfb9e5543e5f6eed5162f"

http-assert@^1.1.0:
  version "1.3.0"
  resolved "http://registry.npm.taobao.org/http-assert/download/http-assert-1.3.0.tgz#a31a5cf88c873ecbb5796907d4d6f132e8c01e4a"
  dependencies:
    deep-equal "~1.0.1"
    http-errors "~1.6.1"

http-errors@1.6.2:
  version "1.6.2"
  resolved "http://registry.npm.taobao.org/http-errors/download/http-errors-1.6.2.tgz#0a002cc85707192a7e7946ceedc11155f60ec736"
  dependencies:
    depd "1.1.1"
    inherits "2.0.3"
    setprototypeof "1.0.3"
    statuses ">= 1.3.1 < 2"

http-errors@^1.2.8, http-errors@^1.3.1, http-errors@^1.6.1, http-errors@~1.6.1, http-errors@~1.6.2:
  version "1.6.3"
  resolved "http://registry.npm.taobao.org/http-errors/download/http-errors-1.6.3.tgz#8b55680bb4be283a0b5bf4ea2e38580be1d9320d"
  dependencies:
    depd "~1.1.2"
    inherits "2.0.3"
    setprototypeof "1.1.0"
    statuses ">= 1.4.0 < 2"

iconv-lite@0.4.19:
  version "0.4.19"
  resolved "http://registry.npm.taobao.org/iconv-lite/download/iconv-lite-0.4.19.tgz#f7468f60135f5e5dad3399c0a81be9a1603a082b"

inflation@^2.0.0:
  version "2.0.0"
  resolved "http://registry.npm.taobao.org/inflation/download/inflation-2.0.0.tgz#8b417e47c28f925a45133d914ca1fd389107f30f"

inherits@2.0.3, inherits@~2.0.3:
  version "2.0.3"
  resolved "http://registry.npm.taobao.org/inherits/download/inherits-2.0.3.tgz#633c2c83e3da42a502f52466022480f4208261de"

is-generator-function@^1.0.3:
  version "1.0.7"
  resolved "http://registry.npm.taobao.org/is-generator-function/download/is-generator-function-1.0.7.tgz#d2132e529bb0000a7f80794d4bdf5cd5e5813522"

isarray@0.0.1:
  version "0.0.1"
  resolved "http://registry.npm.taobao.org/isarray/download/isarray-0.0.1.tgz#8a18acfca9a8f4177e09abfc6038939b05d1eedf"

isarray@~1.0.0:
  version "1.0.0"
  resolved "http://registry.npm.taobao.org/isarray/download/isarray-1.0.0.tgz#bb935d48582cba168c06834957a54a3e07124f11"

iterall@^1.1.3, iterall@^1.2.1:
  version "1.2.2"
  resolved "http://registry.npm.taobao.org/iterall/download/iterall-1.2.2.tgz#92d70deb8028e0c39ff3164fdbf4d8b088130cd7"

keygrip@~1.0.2:
  version "1.0.2"
  resolved "http://registry.npm.taobao.org/keygrip/download/keygrip-1.0.2.tgz#ad3297c557069dea8bcfe7a4fa491b75c5ddeb91"

koa-bodyparser@^4.2.0:
  version "4.2.0"
  resolved "http://registry.npm.taobao.org/koa-bodyparser/download/koa-bodyparser-4.2.0.tgz#bce6e08bc65f8709b6d1faa9411c7f0d8938aa54"
  dependencies:
    co-body "^5.1.0"
    copy-to "^2.0.1"

koa-compose@^3.0.0:
  version "3.2.1"
  resolved "http://registry.npm.taobao.org/koa-compose/download/koa-compose-3.2.1.tgz#a85ccb40b7d986d8e5a345b3a1ace8eabcf54de7"
  dependencies:
    any-promise "^1.1.0"

koa-compose@^4.0.0:
  version "4.0.0"
  resolved "http://registry.npm.taobao.org/koa-compose/download/koa-compose-4.0.0.tgz#2800a513d9c361ef0d63852b038e4f6f2d5a773c"

koa-convert@^1.2.0:
  version "1.2.0"
  resolved "http://registry.npm.taobao.org/koa-convert/download/koa-convert-1.2.0.tgz#da40875df49de0539098d1700b50820cebcd21d0"
  dependencies:
    co "^4.6.0"
    koa-compose "^3.0.0"

koa-is-json@^1.0.0:
  version "1.0.0"
  resolved "http://registry.npm.taobao.org/koa-is-json/download/koa-is-json-1.0.0.tgz#273c07edcdcb8df6a2c1ab7d59ee76491451ec14"

koa-router@^7.4.0:
  version "7.4.0"
  resolved "http://registry.npm.taobao.org/koa-router/download/koa-router-7.4.0.tgz#aee1f7adc02d5cb31d7d67465c9eacc825e8c5e0"
  dependencies:
    debug "^3.1.0"
    http-errors "^1.3.1"
    koa-compose "^3.0.0"
    methods "^1.0.1"
    path-to-regexp "^1.1.1"
    urijs "^1.19.0"

koa-send@^4.1.0:
  version "4.1.3"
  resolved "http://registry.npm.taobao.org/koa-send/download/koa-send-4.1.3.tgz#0822207bbf5253a414c8f1765ebc29fa41353cb6"
  dependencies:
    debug "^2.6.3"
    http-errors "^1.6.1"
    mz "^2.6.0"
    resolve-path "^1.4.0"

koa-static@^4.0.2:
  version "4.0.2"
  resolved "http://registry.npm.taobao.org/koa-static/download/koa-static-4.0.2.tgz#6cda92d88d771dcaad9f0d825cd94a631c861a1a"
  dependencies:
    debug "^2.6.8"
    koa-send "^4.1.0"

koa-webpack-middleware@^1.0.7:
  version "1.0.7"
  resolved "http://registry.npm.taobao.org/koa-webpack-middleware/download/koa-webpack-middleware-1.0.7.tgz#9d1cbf4455ae989614eef37e304978b024067f11"
  dependencies:
    regenerator-runtime "0.10.5"
    webpack-dev-middleware "1.12.0"
    webpack-hot-middleware "2.18.2"

koa@^2.5.0:
  version "2.5.0"
  resolved "http://registry.npm.taobao.org/koa/download/koa-2.5.0.tgz#b0fbe1e195e43b27588a04fd0be0ddaeca2c154c"
  dependencies:
    accepts "^1.2.2"
    content-disposition "~0.5.0"
    content-type "^1.0.0"
    cookies "~0.7.0"
    debug "*"
    delegates "^1.0.0"
    depd "^1.1.0"
    destroy "^1.0.3"
    error-inject "~1.0.0"
    escape-html "~1.0.1"
    fresh "^0.5.2"
    http-assert "^1.1.0"
    http-errors "^1.2.8"
    is-generator-function "^1.0.3"
    koa-compose "^4.0.0"
    koa-convert "^1.2.0"
    koa-is-json "^1.0.0"
    mime-types "^2.0.7"
    on-finished "^2.1.0"
    only "0.0.2"
    parseurl "^1.3.0"
    statuses "^1.2.0"
    type-is "^1.5.5"
    vary "^1.0.0"

lodash@^4.17.5:
  version "4.17.5"
  resolved "http://registry.npm.taobao.org/lodash/download/lodash-4.17.5.tgz#99a92d65c0272debe8c96b6057bc8fbfa3bed511"

media-typer@0.3.0:
  version "0.3.0"
  resolved "http://registry.npm.taobao.org/media-typer/download/media-typer-0.3.0.tgz#8710d7af0aa626f8fffa1ce00168545263255748"

memory-fs@~0.4.1:
  version "0.4.1"
  resolved "http://registry.npm.taobao.org/memory-fs/download/memory-fs-0.4.1.tgz#3a9a20b8462523e447cfbc7e8bb80ed667bfc552"
  dependencies:
    errno "^0.1.3"
    readable-stream "^2.0.1"

methods@^1.0.1:
  version "1.1.2"
  resolved "http://registry.npm.taobao.org/methods/download/methods-1.1.2.tgz#5529a4d67654134edcc5266656835b0f851afcee"

mime-db@~1.33.0:
  version "1.33.0"
  resolved "http://registry.npm.taobao.org/mime-db/download/mime-db-1.33.0.tgz#a3492050a5cb9b63450541e39d9788d2272783db"

mime-types@^2.0.7, mime-types@~2.1.18:
  version "2.1.18"
  resolved "http://registry.npm.taobao.org/mime-types/download/mime-types-2.1.18.tgz#6f323f60a83d11146f831ff11fd66e2fe5503bb8"
  dependencies:
    mime-db "~1.33.0"

mime@^1.3.4:
  version "1.6.0"
  resolved "http://registry.npm.taobao.org/mime/download/mime-1.6.0.tgz#32cd9e5c64553bd58d19a568af452acff04981b1"

mongodb-core@3.0.7:
  version "3.0.7"
  resolved "http://registry.npm.taobao.org/mongodb-core/download/mongodb-core-3.0.7.tgz#a9941f14883a75768d554cef5fd67756a9cc0f25"
  dependencies:
    bson "~1.0.4"
    require_optional "^1.0.1"

mongodb@^3.0.7:
  version "3.0.7"
  resolved "http://registry.npm.taobao.org/mongodb/download/mongodb-3.0.7.tgz#cfcbaee992d78dabca67177f8f9db9cf13ac3a44"
  dependencies:
    mongodb-core "3.0.7"

ms@2.0.0:
  version "2.0.0"
  resolved "http://registry.npm.taobao.org/ms/download/ms-2.0.0.tgz#5608aeadfc00be6c2901df5f9861788de0d597c8"

mz@^2.6.0:
  version "2.7.0"
  resolved "http://registry.npm.taobao.org/mz/download/mz-2.7.0.tgz#95008057a56cafadc2bc63dde7f9ff6955948e32"
  dependencies:
    any-promise "^1.0.0"
    object-assign "^4.0.1"
    thenify-all "^1.0.0"

negotiator@0.6.1:
  version "0.6.1"
  resolved "http://registry.npm.taobao.org/negotiator/download/negotiator-0.6.1.tgz#2b327184e8992101177b28563fb5e7102acd0ca9"

object-assign@^4.0.1:
  version "4.1.1"
  resolved "http://registry.npm.taobao.org/object-assign/download/object-assign-4.1.1.tgz#2109adc7965887cfc05cbbd442cac8bfbb360863"

on-finished@^2.1.0:
  version "2.3.0"
  resolved "http://registry.npm.taobao.org/on-finished/download/on-finished-2.3.0.tgz#20f1336481b083cd75337992a16971aa2d906947"
  dependencies:
    ee-first "1.1.1"

only@0.0.2:
  version "0.0.2"
  resolved "http://registry.npm.taobao.org/only/download/only-0.0.2.tgz#2afde84d03e50b9a8edc444e30610a70295edfb4"

parseurl@^1.3.0:
  version "1.3.2"
  resolved "http://registry.npm.taobao.org/parseurl/download/parseurl-1.3.2.tgz#fc289d4ed8993119460c156253262cdc8de65bf3"

path-is-absolute@1.0.1, path-is-absolute@^1.0.0:
  version "1.0.1"
  resolved "http://registry.npm.taobao.org/path-is-absolute/download/path-is-absolute-1.0.1.tgz#174b9268735534ffbc7ace6bf53a5a9e1b5c5f5f"

path-to-regexp@^1.1.1:
  version "1.7.0"
  resolved "http://registry.npm.taobao.org/path-to-regexp/download/path-to-regexp-1.7.0.tgz#59fde0f435badacba103a84e9d3bc64e96b9937d"
  dependencies:
    isarray "0.0.1"

process-nextick-args@~2.0.0:
  version "2.0.0"
  resolved "http://registry.npm.taobao.org/process-nextick-args/download/process-nextick-args-2.0.0.tgz#a37d732f4271b4ab1ad070d35508e8290788ffaa"

prr@~1.0.1:
  version "1.0.1"
  resolved "http://registry.npm.taobao.org/prr/download/prr-1.0.1.tgz#d3fc114ba06995a45ec6893f484ceb1d78f5f476"

qs@^6.4.0:
  version "6.5.1"
  resolved "http://registry.npm.taobao.org/qs/download/qs-6.5.1.tgz#349cdf6eef89ec45c12d7d5eb3fc0c870343a6d8"

querystring@^0.2.0:
  version "0.2.0"
  resolved "http://registry.npm.taobao.org/querystring/download/querystring-0.2.0.tgz#b209849203bb25df820da756e747005878521620"

range-parser@^1.0.3:
  version "1.2.0"
  resolved "http://registry.npm.taobao.org/range-parser/download/range-parser-1.2.0.tgz#f49be6b487894ddc40dcc94a322f611092e00d5e"

raw-body@^2.2.0:
  version "2.3.2"
  resolved "http://registry.npm.taobao.org/raw-body/download/raw-body-2.3.2.tgz#bcd60c77d3eb93cde0050295c3f379389bc88f89"
  dependencies:
    bytes "3.0.0"
    http-errors "1.6.2"
    iconv-lite "0.4.19"
    unpipe "1.0.0"

readable-stream@^2.0.1:
  version "2.3.6"
  resolved "http://registry.npm.taobao.org/readable-stream/download/readable-stream-2.3.6.tgz#b11c27d88b8ff1fbe070643cf94b0c79ae1b0aaf"
  dependencies:
    core-util-is "~1.0.0"
    inherits "~2.0.3"
    isarray "~1.0.0"
    process-nextick-args "~2.0.0"
    safe-buffer "~5.1.1"
    string_decoder "~1.1.1"
    util-deprecate "~1.0.1"

regenerator-runtime@0.10.5:
  version "0.10.5"
  resolved "http://registry.npm.taobao.org/regenerator-runtime/download/regenerator-runtime-0.10.5.tgz#336c3efc1220adcedda2c9fab67b5a7955a33658"

require_optional@^1.0.1:
  version "1.0.1"
  resolved "http://registry.npm.taobao.org/require_optional/download/require_optional-1.0.1.tgz#4cf35a4247f64ca3df8c2ef208cc494b1ca8fc2e"
  dependencies:
    resolve-from "^2.0.0"
    semver "^5.1.0"

resolve-from@^2.0.0:
  version "2.0.0"
  resolved "http://registry.npm.taobao.org/resolve-from/download/resolve-from-2.0.0.tgz#9480ab20e94ffa1d9e80a804c7ea147611966b57"

resolve-path@^1.4.0:
  version "1.4.0"
  resolved "http://registry.npm.taobao.org/resolve-path/download/resolve-path-1.4.0.tgz#c4bda9f5efb2fce65247873ab36bb4d834fe16f7"
  dependencies:
    http-errors "~1.6.2"
    path-is-absolute "1.0.1"

safe-buffer@~5.1.0, safe-buffer@~5.1.1:
  version "5.1.1"
  resolved "http://registry.npm.taobao.org/safe-buffer/download/safe-buffer-5.1.1.tgz#893312af69b2123def71f57889001671eeb2c853"

semver@^5.1.0:
  version "5.5.0"
  resolved "http://registry.npm.taobao.org/semver/download/semver-5.5.0.tgz#dc4bbc7a6ca9d916dee5d43516f0092b58f7b8ab"

setprototypeof@1.0.3:
  version "1.0.3"
  resolved "http://registry.npm.taobao.org/setprototypeof/download/setprototypeof-1.0.3.tgz#66567e37043eeb4f04d91bd658c0cbefb55b8e04"

setprototypeof@1.1.0:
  version "1.1.0"
  resolved "http://registry.npm.taobao.org/setprototypeof/download/setprototypeof-1.1.0.tgz#d0bd85536887b6fe7c0d818cb962d9d91c54e656"

source-map-support@^0.5.1:
  version "0.5.4"
  resolved "http://registry.npm.taobao.org/source-map-support/download/source-map-support-0.5.4.tgz#54456efa89caa9270af7cd624cc2f123e51fbae8"
  dependencies:
    source-map "^0.6.0"

source-map@^0.6.0, source-map@^0.6.1:
  version "0.6.1"
  resolved "http://registry.npm.taobao.org/source-map/download/source-map-0.6.1.tgz#74722af32e9614e9c287a8d0bbde48b5e2f1a263"

"statuses@>= 1.3.1 < 2", "statuses@>= 1.4.0 < 2", statuses@^1.2.0:
  version "1.5.0"
  resolved "http://registry.npm.taobao.org/statuses/download/statuses-1.5.0.tgz#161c7dac177659fd9811f43771fa99381478628c"

string_decoder@~1.1.1:
  version "1.1.1"
  resolved "http://registry.npm.taobao.org/string_decoder/download/string_decoder-1.1.1.tgz#9cf1611ba62685d7030ae9e4ba34149c3af03fc8"
  dependencies:
    safe-buffer "~5.1.0"

strip-ansi@^3.0.0:
  version "3.0.1"
  resolved "http://registry.npm.taobao.org/strip-ansi/download/strip-ansi-3.0.1.tgz#6a385fb8853d952d5ff05d0e8aaf94278dc63dcf"
  dependencies:
    ansi-regex "^2.0.0"

thenify-all@^1.0.0:
  version "1.6.0"
  resolved "http://registry.npm.taobao.org/thenify-all/download/thenify-all-1.6.0.tgz#1a1918d402d8fc3f98fbf234db0bcc8cc10e9726"
  dependencies:
    thenify ">= 3.1.0 < 4"

"thenify@>= 3.1.0 < 4":
  version "3.3.0"
  resolved "http://registry.npm.taobao.org/thenify/download/thenify-3.3.0.tgz#e69e38a1babe969b0108207978b9f62b88604839"
  dependencies:
    any-promise "^1.0.0"

time-stamp@^2.0.0:
  version "2.0.0"
  resolved "http://registry.npm.taobao.org/time-stamp/download/time-stamp-2.0.0.tgz#95c6a44530e15ba8d6f4a3ecb8c3a3fac46da357"

type-is@^1.5.5, type-is@^1.6.14:
  version "1.6.16"
  resolved "http://registry.npm.taobao.org/type-is/download/type-is-1.6.16.tgz#f89ce341541c672b25ee7ae3c73dee3b2be50194"
  dependencies:
    media-typer "0.3.0"
    mime-types "~2.1.18"

typescript@^2.8.3:
  version "2.8.3"
  resolved "http://registry.npm.taobao.org/typescript/download/typescript-2.8.3.tgz#5d817f9b6f31bb871835f4edf0089f21abe6c170"

unpipe@1.0.0:
  version "1.0.0"
  resolved "http://registry.npm.taobao.org/unpipe/download/unpipe-1.0.0.tgz#b2bf4ee8514aae6165b4817829d21b2ef49904ec"

urijs@^1.19.0:
  version "1.19.1"
  resolved "http://registry.npm.taobao.org/urijs/download/urijs-1.19.1.tgz#5b0ff530c0cbde8386f6342235ba5ca6e995d25a"

util-deprecate@~1.0.1:
  version "1.0.2"
  resolved "http://registry.npm.taobao.org/util-deprecate/download/util-deprecate-1.0.2.tgz#450d4dc9fa70de732762fbd2d4a28981419a0ccf"

uuid@^3.1.0:
  version "3.2.1"
  resolved "http://registry.npm.taobao.org/uuid/download/uuid-3.2.1.tgz#12c528bb9d58d0b9265d9a2f6f0fe8be17ff1f14"

vary@^1.0.0:
  version "1.1.2"
  resolved "http://registry.npm.taobao.org/vary/download/vary-1.1.2.tgz#2299f02c6ded30d4a5961b0b9f74524a18f634fc"

webpack-dev-middleware@1.12.0:
  version "1.12.0"
  resolved "http://registry.npm.taobao.org/webpack-dev-middleware/download/webpack-dev-middleware-1.12.0.tgz#d34efefb2edda7e1d3b5dbe07289513219651709"
  dependencies:
    memory-fs "~0.4.1"
    mime "^1.3.4"
    path-is-absolute "^1.0.0"
    range-parser "^1.0.3"
    time-stamp "^2.0.0"

webpack-hot-middleware@2.18.2:
  version "2.18.2"
  resolved "http://registry.npm.taobao.org/webpack-hot-middleware/download/webpack-hot-middleware-2.18.2.tgz#84dee643f037c3d59c9de142548430371aa8d3b2"
  dependencies:
    ansi-html "0.0.7"
    html-entities "^1.2.0"
    querystring "^0.2.0"
    strip-ansi "^3.0.0"

zen-observable-ts@^0.8.9:
  version "0.8.9"
  resolved "http://registry.npm.taobao.org/zen-observable-ts/download/zen-observable-ts-0.8.9.tgz#d3c97af08c0afdca37ebcadf7cc3ee96bda9bab1"
  dependencies:
    zen-observable "^0.8.0"

zen-observable@^0.8.0:
  version "0.8.8"
  resolved "http://registry.npm.taobao.org/zen-observable/download/zen-observable-0.8.8.tgz#1ea93995bf098754a58215a1e0a7309e5749ec42"
