# THIS IS AN AUTOGENERATED FILE. DO NOT EDIT THIS FILE DIRECTLY.
# yarn lockfile v1


"@types/accepts@*":
  version "1.3.4"
  resolved "http://registry.npm.taobao.org/@types/accepts/download/@types/accepts-1.3.4.tgz#467a88fb1d5ba594998eead31c093d77d1cbe99e"
  dependencies:
    "@types/node" "*"

"@types/body-parser@*":
  version "1.16.8"
  resolved "http://registry.npm.taobao.org/@types/body-parser/download/@types/body-parser-1.16.8.tgz#687ec34140624a3bec2b1a8ea9268478ae8f3be3"
  dependencies:
    "@types/express" "*"
    "@types/node" "*"

"@types/bson@*":
  version "1.0.6"
  resolved "http://registry.npm.taobao.org/@types/bson/download/@types/bson-1.0.6.tgz#8691f042d99dd163a5eb4dd6dde587d3449f7cda"
  dependencies:
    "@types/node" "*"

"@types/connect@*":
  version "3.4.31"
  resolved "http://registry.npm.taobao.org/@types/connect/download/@types/connect-3.4.31.tgz#1f92d6b117ecc05076c49ecd024f7976e528bad9"
  dependencies:
    "@types/node" "*"

"@types/cookies@*":
  version "0.7.1"
  resolved "http://registry.npm.taobao.org/@types/cookies/download/@types/cookies-0.7.1.tgz#f9f204bd6767d389eea3b87609e30c090c77a540"
  dependencies:
    "@types/connect" "*"
    "@types/express" "*"
    "@types/keygrip" "*"
    "@types/node" "*"

"@types/events@*":
  version "1.1.0"
  resolved "http://registry.npm.taobao.org/@types/events/download/@types/events-1.1.0.tgz#93b1be91f63c184450385272c47b6496fd028e02"

"@types/express-serve-static-core@*":
  version "4.11.1"
  resolved "http://registry.npm.taobao.org/@types/express-serve-static-core/download/@types/express-serve-static-core-4.11.1.tgz#f6f7212382d59b19d696677bcaa48a37280f5d45"
  dependencies:
    "@types/events" "*"
    "@types/node" "*"

"@types/express@*":
  version "4.11.0"
  resolved "http://registry.npm.taobao.org/@types/express/download/@types/express-4.11.0.tgz#234d65280af917cb290634b7a8d6bcac24aecbad"
  dependencies:
    "@types/body-parser" "*"
    "@types/express-serve-static-core" "*"
    "@types/serve-static" "*"

"@types/graphql@^0.12.2":
  version "0.12.2"
  resolved "http://registry.npm.taobao.org/@types/graphql/download/@types/graphql-0.12.2.tgz#255e6d7e25cc6f36a6f7eeb200ea08b5370c2e84"

"@types/http-assert@*":
  version "1.2.2"
  resolved "http://registry.npm.taobao.org/@types/http-assert/download/@types/http-assert-1.2.2.tgz#17dfe5a82184a8898935d96fe2eaedd37d22d9a4"

"@types/jasmine@^2.8.5":
  version "2.8.5"
  resolved "http://registry.npm.taobao.org/@types/jasmine/download/@types/jasmine-2.8.5.tgz#96e58872583fa80c7ea0dd29024b180d5e133678"

"@types/keygrip@*":
  version "1.0.1"
  resolved "http://registry.npm.taobao.org/@types/keygrip/download/@types/keygrip-1.0.1.tgz#ff540462d2fb4d0a88441ceaf27d287b01c3d878"

"@types/koa-bodyparser@^4.2.0":
  version "4.2.0"
  resolved "http://registry.npm.taobao.org/@types/koa-bodyparser/download/@types/koa-bodyparser-4.2.0.tgz#04febc567f3d3dd40e3d1a0e095cdf7b07c4d7ce"
  dependencies:
    "@types/koa" "*"

"@types/koa-compose@*":
  version "3.2.2"
  resolved "http://registry.npm.taobao.org/@types/koa-compose/download/@types/koa-compose-3.2.2.tgz#dc106e000bbf92a3ac900f756df47344887ee847"

"@types/koa-router@^7.0.27":
  version "7.0.27"
  resolved "http://registry.npm.taobao.org/@types/koa-router/download/@types/koa-router-7.0.27.tgz#4993d50cb9efdfcfb11f16c726a4b34f8fb3e0d4"
  dependencies:
    "@types/koa" "*"

"@types/koa-send@*":
  version "4.1.1"
  resolved "http://registry.npm.taobao.org/@types/koa-send/download/@types/koa-send-4.1.1.tgz#88f57cbe0343c8204903f9096d8ff6b98ec3296f"
  dependencies:
    "@types/koa" "*"

"@types/koa-static@^4.0.0":
  version "4.0.0"
  resolved "http://registry.npm.taobao.org/@types/koa-static/download/@types/koa-static-4.0.0.tgz#4cddce6adf45221bacfb2842b3621dc92f4d642c"
  dependencies:
    "@types/koa" "*"
    "@types/koa-send" "*"

"@types/koa@*", "@types/koa@^2.0.43":
  version "2.0.43"
  resolved "http://registry.npm.taobao.org/@types/koa/download/@types/koa-2.0.43.tgz#331a92dbfef93e97a13ce9595af7d84745c29874"
  dependencies:
    "@types/accepts" "*"
    "@types/cookies" "*"
    "@types/events" "*"
    "@types/http-assert" "*"
    "@types/keygrip" "*"
    "@types/koa-compose" "*"
    "@types/node" "*"

"@types/mime@*":
  version "2.0.0"
  resolved "http://registry.npm.taobao.org/@types/mime/download/@types/mime-2.0.0.tgz#5a7306e367c539b9f6543499de8dd519fac37a8b"

"@types/mongodb@^3.0.5":
  version "3.0.5"
  resolved "http://registry.npm.taobao.org/@types/mongodb/download/@types/mongodb-3.0.5.tgz#0143e0838a8260c7312773457f4d2ea1465ccada"
  dependencies:
    "@types/bson" "*"
    "@types/events" "*"
    "@types/node" "*"

"@types/node@*":
  version "9.3.0"
  resolved "http://registry.npm.taobao.org/@types/node/download/@types/node-9.3.0.tgz#3a129cda7c4e5df2409702626892cb4b96546dd5"

"@types/serve-static@*":
  version "1.13.1"
  resolved "http://registry.npm.taobao.org/@types/serve-static/download/@types/serve-static-1.13.1.tgz#1d2801fa635d274cd97d4ec07e26b21b44127492"
  dependencies:
    "@types/express-serve-static-core" "*"
    "@types/mime" "*"

"@types/tapable@*":
  version "0.2.4"
  resolved "http://registry.npm.taobao.org/@types/tapable/download/@types/tapable-0.2.4.tgz#8181a228da46185439300e600c5ae3b3b3982585"

"@types/uglify-js@*":
  version "2.6.30"
  resolved "http://registry.npm.taobao.org/@types/uglify-js/download/@types/uglify-js-2.6.30.tgz#257d2b6dd86673d60da476680fba90f2e30c6eef"
  dependencies:
    source-map "^0.6.1"

"@types/webpack@^3.8.5":
  version "3.8.5"
  resolved "http://registry.npm.taobao.org/@types/webpack/download/@types/webpack-3.8.5.tgz#793a0dc6c49900095313c4f424eda6fb814dd76b"
  dependencies:
    "@types/node" "*"
    "@types/tapable" "*"
    "@types/uglify-js" "*"

"@types/zen-observable@0.5.3":
  version "0.5.3"
  resolved "http://registry.npm.taobao.org/@types/zen-observable/download/@types/zen-observable-0.5.3.tgz#91b728599544efbb7386d8b6633693a3c2e7ade5"

accepts@^1.2.2:
  version "1.3.4"
  resolved "http://registry.npm.taobao.org/accepts/download/accepts-1.3.4.tgz#86246758c7dd6d21a6474ff084a4740ec05eb21f"
  dependencies:
    mime-types "~2.1.16"
    negotiator "0.6.1"

ansi-html@0.0.7:
  version "0.0.7"
  resolved "http://registry.npm.taobao.org/ansi-html/download/ansi-html-0.0.7.tgz#813584021962a9e9e6fd039f940d12f56ca7859e"

ansi-regex@^2.0.0:
  version "2.1.1"
  resolved "http://registry.npm.taobao.org/ansi-regex/download/ansi-regex-2.1.1.tgz#c3b33ab5ee360d86e0e628f0468ae7ef27d654df"

any-promise@^1.0.0, any-promise@^1.1.0:
  version "1.3.0"
  resolved "http://registry.npm.taobao.org/any-promise/download/any-promise-1.3.0.tgz#abc6afeedcea52e809cdc0376aed3ce39635d17f"

apollo-cache-control@^0.0.x:
  version "0.0.9"
  resolved "http://registry.npm.taobao.org/apollo-cache-control/download/apollo-cache-control-0.0.9.tgz#77100f456fb19526d33b7f595c8ab1a2980dcbb4"
  dependencies:
    graphql-extensions "^0.0.x"

apollo-link@^1.0.0:
  version "1.1.0"
  resolved "http://registry.npm.taobao.org/apollo-link/download/apollo-link-1.1.0.tgz#9d573b16387ee0d8e147b1f319e42c8c562f18f7"
  dependencies:
    "@types/zen-observable" "0.5.3"
    apollo-utilities "^1.0.0"
    zen-observable "^0.7.0"

apollo-server-core@^1.3.2:
  version "1.3.2"
  resolved "http://registry.npm.taobao.org/apollo-server-core/download/apollo-server-core-1.3.2.tgz#f36855a3ebdc2d77b8b9c454380bf1d706105ffc"
  dependencies:
    apollo-cache-control "^0.0.x"
    apollo-tracing "^0.1.0"
    graphql-extensions "^0.0.x"

apollo-server-koa@^1.3.2:
  version "1.3.2"
  resolved "http://registry.npm.taobao.org/apollo-server-koa/download/apollo-server-koa-1.3.2.tgz#cb7b48c7568639acdddc626a99c2900023660ad4"
  dependencies:
    apollo-server-core "^1.3.2"
    apollo-server-module-graphiql "^1.3.0"

apollo-server-module-graphiql@^1.3.0:
  version "1.3.2"
  resolved "http://registry.npm.taobao.org/apollo-server-module-graphiql/download/apollo-server-module-graphiql-1.3.2.tgz#0a9e4c48dece3af904fee333f95f7b9817335ca7"

apollo-tracing@^0.1.0:
  version "0.1.3"
  resolved "http://registry.npm.taobao.org/apollo-tracing/download/apollo-tracing-0.1.3.tgz#6820c066bf20f9d9a4eddfc023f7c83ee2601f0b"
  dependencies:
    graphql-extensions "^0.0.x"

apollo-utilities@^1.0.0, apollo-utilities@^1.0.1:
  version "1.0.6"
  resolved "http://registry.npm.taobao.org/apollo-utilities/download/apollo-utilities-1.0.6.tgz#7bfd7a702b5225c9a4591fe28c5899d9b5f08889"

bson@~1.0.4:
  version "1.0.4"
  resolved "http://registry.npm.taobao.org/bson/download/bson-1.0.4.tgz#93c10d39eaa5b58415cbc4052f3e53e562b0b72c"

bytes@3.0.0:
  version "3.0.0"
  resolved "http://registry.npm.taobao.org/bytes/download/bytes-3.0.0.tgz#d32815404d689699f85a4ea4fa8755dd13a96048"

co-body@^5.1.0:
  version "5.1.1"
  resolved "http://registry.npm.taobao.org/co-body/download/co-body-5.1.1.tgz#d97781d1e3344ba4a820fd1806bddf8341505236"
  dependencies:
    inflation "^2.0.0"
    qs "^6.4.0"
    raw-body "^2.2.0"
    type-is "^1.6.14"

co@^4.6.0:
  version "4.6.0"
  resolved "http://registry.npm.taobao.org/co/download/co-4.6.0.tgz#6ea6bdf3d853ae54ccb8e47bfa0bf3f9031fb184"

content-disposition@~0.5.0:
  version "0.5.2"
  resolved "http://registry.npm.taobao.org/content-disposition/download/content-disposition-0.5.2.tgz#0cf68bb9ddf5f2be7961c3a85178cb85dba78cb4"

content-type@^1.0.0:
  version "1.0.4"
  resolved "http://registry.npm.taobao.org/content-type/download/content-type-1.0.4.tgz#e138cc75e040c727b1966fe5e5f8c9aee256fe3b"

cookies@~0.7.0:
  version "0.7.1"
  resolved "http://registry.npm.taobao.org/cookies/download/cookies-0.7.1.tgz#7c8a615f5481c61ab9f16c833731bcb8f663b99b"
  dependencies:
    depd "~1.1.1"
    keygrip "~1.0.2"

copy-to@^2.0.1:
  version "2.0.1"
  resolved "http://registry.npm.taobao.org/copy-to/download/copy-to-2.0.1.tgz#2680fbb8068a48d08656b6098092bdafc906f4a5"

core-js@^2.5.3:
  version "2.5.3"
  resolved "http://registry.npm.taobao.org/core-js/download/core-js-2.5.3.tgz#8acc38345824f16d8365b7c9b4259168e8ed603e"

core-util-is@~1.0.0:
  version "1.0.2"
  resolved "http://registry.npm.taobao.org/core-util-is/download/core-util-is-1.0.2.tgz#b5fd54220aa2bc5ab57aab7140c940754503c1a7"

debug@*, debug@^3.1.0:
  version "3.1.0"
  resolved "http://registry.npm.taobao.org/debug/download/debug-3.1.0.tgz#5bb5a0672628b64149566ba16819e61518c67261"
  dependencies:
    ms "2.0.0"

debug@^2.6.3, debug@^2.6.8:
  version "2.6.9"
  resolved "http://registry.npm.taobao.org/debug/download/debug-2.6.9.tgz#5d128515df134ff327e90a4c93f4e077a536341f"
  dependencies:
    ms "2.0.0"

deep-equal@~1.0.1:
  version "1.0.1"
  resolved "http://registry.npm.taobao.org/deep-equal/download/deep-equal-1.0.1.tgz#f5d260292b660e084eff4cdbc9f08ad3247448b5"

delegates@^1.0.0:
  version "1.0.0"
  resolved "http://registry.npm.taobao.org/delegates/download/delegates-1.0.0.tgz#84c6e159b81904fdca59a0ef44cd870d31250f9a"

depd@1.1.1:
  version "1.1.1"
  resolved "http://registry.npm.taobao.org/depd/download/depd-1.1.1.tgz#5783b4e1c459f06fa5ca27f991f3d06e7a310359"

depd@^1.1.0, depd@~1.1.1:
  version "1.1.2"
  resolved "http://registry.npm.taobao.org/depd/download/depd-1.1.2.tgz#9bcd52e14c097763e749b274c4346ed2e560b5a9"

deprecated-decorator@^0.1.6:
  version "0.1.6"
  resolved "http://registry.npm.taobao.org/deprecated-decorator/download/deprecated-decorator-0.1.6.tgz#00966317b7a12fe92f3cc831f7583af329b86c37"

destroy@^1.0.3:
  version "1.0.4"
  resolved "http://registry.npm.taobao.org/destroy/download/destroy-1.0.4.tgz#978857442c44749e4206613e37946205826abd80"

ee-first@1.1.1:
  version "1.1.1"
  resolved "http://registry.npm.taobao.org/ee-first/download/ee-first-1.1.1.tgz#590c61156b0ae2f4f0255732a158b266bc56b21d"

errno@^0.1.3:
  version "0.1.6"
  resolved "http://registry.npm.taobao.org/errno/download/errno-0.1.6.tgz#c386ce8a6283f14fc09563b71560908c9bf53026"
  dependencies:
    prr "~1.0.1"

error-inject@~1.0.0:
  version "1.0.0"
  resolved "http://registry.npm.taobao.org/error-inject/download/error-inject-1.0.0.tgz#e2b3d91b54aed672f309d950d154850fa11d4f37"

escape-html@~1.0.1:
  version "1.0.3"
  resolved "http://registry.npm.taobao.org/escape-html/download/escape-html-1.0.3.tgz#0258eae4d3d0c0974de1c169188ef0051d1d1988"

fresh@^0.5.2:
  version "0.5.2"
  resolved "http://registry.npm.taobao.org/fresh/download/fresh-0.5.2.tgz#3d8cadd90d976569fa835ab1f8e4b23a105605a7"

graphql-extensions@^0.0.x:
  version "0.0.7"
  resolved "http://registry.npm.taobao.org/graphql-extensions/download/graphql-extensions-0.0.7.tgz#807e7c3493da45e8f8fd02c0da771a9b3f1f2d1a"
  dependencies:
    core-js "^2.5.3"
    source-map-support "^0.5.1"

graphql-tools@^2.20.2:
  version "2.20.2"
  resolved "http://registry.npm.taobao.org/graphql-tools/download/graphql-tools-2.20.2.tgz#b953ce7d62bbf6a1ca947101883ae725e1f58e02"
  dependencies:
    apollo-link "^1.0.0"
    apollo-utilities "^1.0.1"
    deprecated-decorator "^0.1.6"
    uuid "^3.1.0"

graphql@^0.12.3:
  version "0.12.3"
  resolved "http://registry.npm.taobao.org/graphql/download/graphql-0.12.3.tgz#11668458bbe28261c0dcb6e265f515ba79f6ce07"
  dependencies:
    iterall "1.1.3"

html-entities@^1.2.0:
  version "1.2.1"
  resolved "http://registry.npm.taobao.org/html-entities/download/html-entities-1.2.1.tgz#0df29351f0721163515dfb9e5543e5f6eed5162f"

http-assert@^1.1.0:
  version "1.3.0"
  resolved "http://registry.npm.taobao.org/http-assert/download/http-assert-1.3.0.tgz#a31a5cf88c873ecbb5796907d4d6f132e8c01e4a"
  dependencies:
    deep-equal "~1.0.1"
    http-errors "~1.6.1"

http-errors@1.6.2, http-errors@^1.2.8, http-errors@^1.3.1, http-errors@^1.6.1, http-errors@~1.6.1:
  version "1.6.2"
  resolved "http://registry.npm.taobao.org/http-errors/download/http-errors-1.6.2.tgz#0a002cc85707192a7e7946ceedc11155f60ec736"
  dependencies:
    depd "1.1.1"
    inherits "2.0.3"
    setprototypeof "1.0.3"
    statuses ">= 1.3.1 < 2"

http-errors@~1.5.0:
  version "1.5.1"
  resolved "http://registry.npm.taobao.org/http-errors/download/http-errors-1.5.1.tgz#788c0d2c1de2c81b9e6e8c01843b6b97eb920750"
  dependencies:
    inherits "2.0.3"
    setprototypeof "1.0.2"
    statuses ">= 1.3.1 < 2"

iconv-lite@0.4.19:
  version "0.4.19"
  resolved "http://registry.npm.taobao.org/iconv-lite/download/iconv-lite-0.4.19.tgz#f7468f60135f5e5dad3399c0a81be9a1603a082b"

inflation@^2.0.0:
  version "2.0.0"
  resolved "http://registry.npm.taobao.org/inflation/download/inflation-2.0.0.tgz#8b417e47c28f925a45133d914ca1fd389107f30f"

inherits@2.0.3, inherits@~2.0.3:
  version "2.0.3"
  resolved "http://registry.npm.taobao.org/inherits/download/inherits-2.0.3.tgz#633c2c83e3da42a502f52466022480f4208261de"

is-generator-function@^1.0.3:
  version "1.0.7"
  resolved "http://registry.npm.taobao.org/is-generator-function/download/is-generator-function-1.0.7.tgz#d2132e529bb0000a7f80794d4bdf5cd5e5813522"

isarray@0.0.1:
  version "0.0.1"
  resolved "http://registry.npm.taobao.org/isarray/download/isarray-0.0.1.tgz#8a18acfca9a8f4177e09abfc6038939b05d1eedf"

isarray@~1.0.0:
  version "1.0.0"
  resolved "http://registry.npm.taobao.org/isarray/download/isarray-1.0.0.tgz#bb935d48582cba168c06834957a54a3e07124f11"

iterall@1.1.3:
  version "1.1.3"
  resolved "http://registry.npm.taobao.org/iterall/download/iterall-1.1.3.tgz#1cbbff96204056dde6656e2ed2e2226d0e6d72c9"

keygrip@~1.0.2:
  version "1.0.2"
  resolved "http://registry.npm.taobao.org/keygrip/download/keygrip-1.0.2.tgz#ad3297c557069dea8bcfe7a4fa491b75c5ddeb91"

koa-bodyparser@^4.2.0:
  version "4.2.0"
  resolved "http://registry.npm.taobao.org/koa-bodyparser/download/koa-bodyparser-4.2.0.tgz#bce6e08bc65f8709b6d1faa9411c7f0d8938aa54"
  dependencies:
    co-body "^5.1.0"
    copy-to "^2.0.1"

koa-compose@^3.0.0:
  version "3.2.1"
  resolved "http://registry.npm.taobao.org/koa-compose/download/koa-compose-3.2.1.tgz#a85ccb40b7d986d8e5a345b3a1ace8eabcf54de7"
  dependencies:
    any-promise "^1.1.0"

koa-compose@^4.0.0:
  version "4.0.0"
  resolved "http://registry.npm.taobao.org/koa-compose/download/koa-compose-4.0.0.tgz#2800a513d9c361ef0d63852b038e4f6f2d5a773c"

koa-convert@^1.2.0:
  version "1.2.0"
  resolved "http://registry.npm.taobao.org/koa-convert/download/koa-convert-1.2.0.tgz#da40875df49de0539098d1700b50820cebcd21d0"
  dependencies:
    co "^4.6.0"
    koa-compose "^3.0.0"

koa-is-json@^1.0.0:
  version "1.0.0"
  resolved "http://registry.npm.taobao.org/koa-is-json/download/koa-is-json-1.0.0.tgz#273c07edcdcb8df6a2c1ab7d59ee76491451ec14"

koa-router@^7.3.0:
  version "7.3.0"
  resolved "http://registry.npm.taobao.org/koa-router/download/koa-router-7.3.0.tgz#241f0449ac5cd1071831a9a3d80b521fafb6baa1"
  dependencies:
    debug "^3.1.0"
    http-errors "^1.3.1"
    koa-compose "^3.0.0"
    methods "^1.0.1"
    path-to-regexp "^1.1.1"
    urijs "^1.19.0"

koa-send@^4.1.0:
  version "4.1.2"
  resolved "http://registry.npm.taobao.org/koa-send/download/koa-send-4.1.2.tgz#92861d184c4d8458a54f92e6708e09b14d64111c"
  dependencies:
    debug "^2.6.3"
    http-errors "^1.6.1"
    mz "^2.6.0"
    resolve-path "^1.3.3"

koa-static@^4.0.2:
  version "4.0.2"
  resolved "http://registry.npm.taobao.org/koa-static/download/koa-static-4.0.2.tgz#6cda92d88d771dcaad9f0d825cd94a631c861a1a"
  dependencies:
    debug "^2.6.8"
    koa-send "^4.1.0"

koa-webpack-middleware@^1.0.7:
  version "1.0.7"
  resolved "http://registry.npm.taobao.org/koa-webpack-middleware/download/koa-webpack-middleware-1.0.7.tgz#9d1cbf4455ae989614eef37e304978b024067f11"
  dependencies:
    regenerator-runtime "0.10.5"
    webpack-dev-middleware "1.12.0"
    webpack-hot-middleware "2.18.2"

koa@^2.4.1:
  version "2.4.1"
  resolved "http://registry.npm.taobao.org/koa/download/koa-2.4.1.tgz#d449cfb970a7e9da571f699eda40bb9e32eb1484"
  dependencies:
    accepts "^1.2.2"
    content-disposition "~0.5.0"
    content-type "^1.0.0"
    cookies "~0.7.0"
    debug "*"
    delegates "^1.0.0"
    depd "^1.1.0"
    destroy "^1.0.3"
    error-inject "~1.0.0"
    escape-html "~1.0.1"
    fresh "^0.5.2"
    http-assert "^1.1.0"
    http-errors "^1.2.8"
    is-generator-function "^1.0.3"
    koa-compose "^4.0.0"
    koa-convert "^1.2.0"
    koa-is-json "^1.0.0"
    mime-types "^2.0.7"
    on-finished "^2.1.0"
    only "0.0.2"
    parseurl "^1.3.0"
    statuses "^1.2.0"
    type-is "^1.5.5"
    vary "^1.0.0"

lodash@^4.17.4:
  version "4.17.4"
  resolved "http://registry.npm.taobao.org/lodash/download/lodash-4.17.4.tgz#78203a4d1c328ae1d86dca6460e369b57f4055ae"

media-typer@0.3.0:
  version "0.3.0"
  resolved "http://registry.npm.taobao.org/media-typer/download/media-typer-0.3.0.tgz#8710d7af0aa626f8fffa1ce00168545263255748"

memory-fs@~0.4.1:
  version "0.4.1"
  resolved "http://registry.npm.taobao.org/memory-fs/download/memory-fs-0.4.1.tgz#3a9a20b8462523e447cfbc7e8bb80ed667bfc552"
  dependencies:
    errno "^0.1.3"
    readable-stream "^2.0.1"

methods@^1.0.1:
  version "1.1.2"
  resolved "http://registry.npm.taobao.org/methods/download/methods-1.1.2.tgz#5529a4d67654134edcc5266656835b0f851afcee"

mime-db@~1.30.0:
  version "1.30.0"
  resolved "http://registry.npm.taobao.org/mime-db/download/mime-db-1.30.0.tgz#74c643da2dd9d6a45399963465b26d5ca7d71f01"

mime-types@^2.0.7, mime-types@~2.1.15, mime-types@~2.1.16:
  version "2.1.17"
  resolved "http://registry.npm.taobao.org/mime-types/download/mime-types-2.1.17.tgz#09d7a393f03e995a79f8af857b70a9e0ab16557a"
  dependencies:
    mime-db "~1.30.0"

mime@^1.3.4:
  version "1.6.0"
  resolved "http://registry.npm.taobao.org/mime/download/mime-1.6.0.tgz#32cd9e5c64553bd58d19a568af452acff04981b1"

mongodb-core@3.0.2:
  version "3.0.2"
  resolved "http://registry.npm.taobao.org/mongodb-core/download/mongodb-core-3.0.2.tgz#914896092dd45427d9a4f98a7997a0bfb81d163b"
  dependencies:
    bson "~1.0.4"
    require_optional "^1.0.1"

mongodb@^3.0.2:
  version "3.0.2"
  resolved "http://registry.npm.taobao.org/mongodb/download/mongodb-3.0.2.tgz#28172302ed4e9388d8091e2cc4618057e6f5debc"
  dependencies:
    mongodb-core "3.0.2"

ms@2.0.0:
  version "2.0.0"
  resolved "http://registry.npm.taobao.org/ms/download/ms-2.0.0.tgz#5608aeadfc00be6c2901df5f9861788de0d597c8"

mz@^2.6.0:
  version "2.7.0"
  resolved "http://registry.npm.taobao.org/mz/download/mz-2.7.0.tgz#95008057a56cafadc2bc63dde7f9ff6955948e32"
  dependencies:
    any-promise "^1.0.0"
    object-assign "^4.0.1"
    thenify-all "^1.0.0"

negotiator@0.6.1:
  version "0.6.1"
  resolved "http://registry.npm.taobao.org/negotiator/download/negotiator-0.6.1.tgz#2b327184e8992101177b28563fb5e7102acd0ca9"

object-assign@^4.0.1:
  version "4.1.1"
  resolved "http://registry.npm.taobao.org/object-assign/download/object-assign-4.1.1.tgz#2109adc7965887cfc05cbbd442cac8bfbb360863"

on-finished@^2.1.0:
  version "2.3.0"
  resolved "http://registry.npm.taobao.org/on-finished/download/on-finished-2.3.0.tgz#20f1336481b083cd75337992a16971aa2d906947"
  dependencies:
    ee-first "1.1.1"

only@0.0.2:
  version "0.0.2"
  resolved "http://registry.npm.taobao.org/only/download/only-0.0.2.tgz#2afde84d03e50b9a8edc444e30610a70295edfb4"

parseurl@^1.3.0:
  version "1.3.2"
  resolved "http://registry.npm.taobao.org/parseurl/download/parseurl-1.3.2.tgz#fc289d4ed8993119460c156253262cdc8de65bf3"

path-is-absolute@1.0.1, path-is-absolute@^1.0.0:
  version "1.0.1"
  resolved "http://registry.npm.taobao.org/path-is-absolute/download/path-is-absolute-1.0.1.tgz#174b9268735534ffbc7ace6bf53a5a9e1b5c5f5f"

path-to-regexp@^1.1.1:
  version "1.7.0"
  resolved "http://registry.npm.taobao.org/path-to-regexp/download/path-to-regexp-1.7.0.tgz#59fde0f435badacba103a84e9d3bc64e96b9937d"
  dependencies:
    isarray "0.0.1"

process-nextick-args@~2.0.0:
  version "2.0.0"
  resolved "http://registry.npm.taobao.org/process-nextick-args/download/process-nextick-args-2.0.0.tgz#a37d732f4271b4ab1ad070d35508e8290788ffaa"

prr@~1.0.1:
  version "1.0.1"
  resolved "http://registry.npm.taobao.org/prr/download/prr-1.0.1.tgz#d3fc114ba06995a45ec6893f484ceb1d78f5f476"

qs@^6.4.0:
  version "6.5.1"
  resolved "http://registry.npm.taobao.org/qs/download/qs-6.5.1.tgz#349cdf6eef89ec45c12d7d5eb3fc0c870343a6d8"

querystring@^0.2.0:
  version "0.2.0"
  resolved "http://registry.npm.taobao.org/querystring/download/querystring-0.2.0.tgz#b209849203bb25df820da756e747005878521620"

range-parser@^1.0.3:
  version "1.2.0"
  resolved "http://registry.npm.taobao.org/range-parser/download/range-parser-1.2.0.tgz#f49be6b487894ddc40dcc94a322f611092e00d5e"

raw-body@^2.2.0:
  version "2.3.2"
  resolved "http://registry.npm.taobao.org/raw-body/download/raw-body-2.3.2.tgz#bcd60c77d3eb93cde0050295c3f379389bc88f89"
  dependencies:
    bytes "3.0.0"
    http-errors "1.6.2"
    iconv-lite "0.4.19"
    unpipe "1.0.0"

readable-stream@^2.0.1:
  version "2.3.4"
  resolved "http://registry.npm.taobao.org/readable-stream/download/readable-stream-2.3.4.tgz#c946c3f47fa7d8eabc0b6150f4a12f69a4574071"
  dependencies:
    core-util-is "~1.0.0"
    inherits "~2.0.3"
    isarray "~1.0.0"
    process-nextick-args "~2.0.0"
    safe-buffer "~5.1.1"
    string_decoder "~1.0.3"
    util-deprecate "~1.0.1"

regenerator-runtime@0.10.5:
  version "0.10.5"
  resolved "http://registry.npm.taobao.org/regenerator-runtime/download/regenerator-runtime-0.10.5.tgz#336c3efc1220adcedda2c9fab67b5a7955a33658"

require_optional@^1.0.1:
  version "1.0.1"
  resolved "http://registry.npm.taobao.org/require_optional/download/require_optional-1.0.1.tgz#4cf35a4247f64ca3df8c2ef208cc494b1ca8fc2e"
  dependencies:
    resolve-from "^2.0.0"
    semver "^5.1.0"

resolve-from@^2.0.0:
  version "2.0.0"
  resolved "http://registry.npm.taobao.org/resolve-from/download/resolve-from-2.0.0.tgz#9480ab20e94ffa1d9e80a804c7ea147611966b57"

resolve-path@^1.3.3:
  version "1.3.3"
  resolved "http://registry.npm.taobao.org/resolve-path/download/resolve-path-1.3.3.tgz#4d83aba6468c2b8e632a575e3f52b0fa0dbe1a5c"
  dependencies:
    http-errors "~1.5.0"
    path-is-absolute "1.0.1"

safe-buffer@~5.1.0, safe-buffer@~5.1.1:
  version "5.1.1"
  resolved "http://registry.npm.taobao.org/safe-buffer/download/safe-buffer-5.1.1.tgz#893312af69b2123def71f57889001671eeb2c853"

semver@^5.1.0:
  version "5.5.0"
  resolved "http://registry.npm.taobao.org/semver/download/semver-5.5.0.tgz#dc4bbc7a6ca9d916dee5d43516f0092b58f7b8ab"

setprototypeof@1.0.2:
  version "1.0.2"
  resolved "http://registry.npm.taobao.org/setprototypeof/download/setprototypeof-1.0.2.tgz#81a552141ec104b88e89ce383103ad5c66564d08"

setprototypeof@1.0.3:
  version "1.0.3"
  resolved "http://registry.npm.taobao.org/setprototypeof/download/setprototypeof-1.0.3.tgz#66567e37043eeb4f04d91bd658c0cbefb55b8e04"

source-map-support@^0.5.1:
  version "0.5.3"
  resolved "http://registry.npm.taobao.org/source-map-support/download/source-map-support-0.5.3.tgz#2b3d5fff298cfa4d1afd7d4352d569e9a0158e76"
  dependencies:
    source-map "^0.6.0"

source-map@^0.6.0, source-map@^0.6.1:
  version "0.6.1"
  resolved "http://registry.npm.taobao.org/source-map/download/source-map-0.6.1.tgz#74722af32e9614e9c287a8d0bbde48b5e2f1a263"

"statuses@>= 1.3.1 < 2", statuses@^1.2.0:
  version "1.4.0"
  resolved "http://registry.npm.taobao.org/statuses/download/statuses-1.4.0.tgz#bb73d446da2796106efcc1b601a253d6c46bd087"

string_decoder@~1.0.3:
  version "1.0.3"
  resolved "http://registry.npm.taobao.org/string_decoder/download/string_decoder-1.0.3.tgz#0fc67d7c141825de94282dd536bec6b9bce860ab"
  dependencies:
    safe-buffer "~5.1.0"

strip-ansi@^3.0.0:
  version "3.0.1"
  resolved "http://registry.npm.taobao.org/strip-ansi/download/strip-ansi-3.0.1.tgz#6a385fb8853d952d5ff05d0e8aaf94278dc63dcf"
  dependencies:
    ansi-regex "^2.0.0"

thenify-all@^1.0.0:
  version "1.6.0"
  resolved "http://registry.npm.taobao.org/thenify-all/download/thenify-all-1.6.0.tgz#1a1918d402d8fc3f98fbf234db0bcc8cc10e9726"
  dependencies:
    thenify ">= 3.1.0 < 4"

"thenify@>= 3.1.0 < 4":
  version "3.3.0"
  resolved "http://registry.npm.taobao.org/thenify/download/thenify-3.3.0.tgz#e69e38a1babe969b0108207978b9f62b88604839"
  dependencies:
    any-promise "^1.0.0"

time-stamp@^2.0.0:
  version "2.0.0"
  resolved "http://registry.npm.taobao.org/time-stamp/download/time-stamp-2.0.0.tgz#95c6a44530e15ba8d6f4a3ecb8c3a3fac46da357"

type-is@^1.5.5, type-is@^1.6.14:
  version "1.6.15"
  resolved "http://registry.npm.taobao.org/type-is/download/type-is-1.6.15.tgz#cab10fb4909e441c82842eafe1ad646c81804410"
  dependencies:
    media-typer "0.3.0"
    mime-types "~2.1.15"

typescript@^2.7.1:
  version "2.7.1"
  resolved "http://registry.npm.taobao.org/typescript/download/typescript-2.7.1.tgz#bb3682c2c791ac90e7c6210b26478a8da085c359"

unpipe@1.0.0:
  version "1.0.0"
  resolved "http://registry.npm.taobao.org/unpipe/download/unpipe-1.0.0.tgz#b2bf4ee8514aae6165b4817829d21b2ef49904ec"

urijs@^1.19.0:
  version "1.19.0"
  resolved "http://registry.npm.taobao.org/urijs/download/urijs-1.19.0.tgz#d8aa284d0e7469703a6988ad045c4cbfdf08ada0"

util-deprecate@~1.0.1:
  version "1.0.2"
  resolved "http://registry.npm.taobao.org/util-deprecate/download/util-deprecate-1.0.2.tgz#450d4dc9fa70de732762fbd2d4a28981419a0ccf"

uuid@^3.1.0:
  version "3.2.1"
  resolved "http://registry.npm.taobao.org/uuid/download/uuid-3.2.1.tgz#12c528bb9d58d0b9265d9a2f6f0fe8be17ff1f14"

vary@^1.0.0:
  version "1.1.2"
  resolved "http://registry.npm.taobao.org/vary/download/vary-1.1.2.tgz#2299f02c6ded30d4a5961b0b9f74524a18f634fc"

webpack-dev-middleware@1.12.0:
  version "1.12.0"
  resolved "http://registry.npm.taobao.org/webpack-dev-middleware/download/webpack-dev-middleware-1.12.0.tgz#d34efefb2edda7e1d3b5dbe07289513219651709"
  dependencies:
    memory-fs "~0.4.1"
    mime "^1.3.4"
    path-is-absolute "^1.0.0"
    range-parser "^1.0.3"
    time-stamp "^2.0.0"

webpack-hot-middleware@2.18.2:
  version "2.18.2"
  resolved "http://registry.npm.taobao.org/webpack-hot-middleware/download/webpack-hot-middleware-2.18.2.tgz#84dee643f037c3d59c9de142548430371aa8d3b2"
  dependencies:
    ansi-html "0.0.7"
    html-entities "^1.2.0"
    querystring "^0.2.0"
    strip-ansi "^3.0.0"

zen-observable@^0.7.0:
  version "0.7.1"
  resolved "http://registry.npm.taobao.org/zen-observable/download/zen-observable-0.7.1.tgz#f84075c0ee085594d3566e1d6454207f126411b3"
